
Microsoft Visual Studio Solution File, Format Version 12.00
# Visual Studio 14
VisualStudioVersion = 14.0.23107.0
MinimumVisualStudioVersion = 10.0.40219.1
Project("{FAE04EC0-301F-11D3-BF4B-00C04F79EFBC}") = "01.PlayWithVS", "PlayWithVS\01.PlayWithVS.csproj", "{8F8664E6-467F-4AB5-861A-64113CC1C5A2}"
EndProject
Project("{FAE04EC0-301F-11D3-BF4B-00C04F79EFBC}") = "02.BlankSolution", "BlankSolution\02.BlankSolution.csproj", "{5A95B0EE-5A08-4DFF-897D-BCB590638385}"
EndProject
Project("{FAE04EC0-301F-11D3-BF4B-00C04F79EFBC}") = "03.MSDNLibrary", "MSDNLibrary\03.MSDNLibrary.csproj", "{87709755-164C-4108-B086-6A1B9E926002}"
EndProject
Project("{FAE04EC0-301F-11D3-BF4B-00C04F79EFBC}") = "04.HelloWorld", "HelloWorld\04.HelloWorld.csproj", "{C85A7A17-A8EB-48E7-AD2D-2D54B821C7DF}"
EndProject
Project("{FAE04EC0-301F-11D3-BF4B-00C04F79EFBC}") = "05.PrintName", "PrintName\05.PrintName.csproj", "{3F009DBF-DD3C-4C7B-8045-7B6635B621A7}"
EndProject
Project("{FAE04EC0-301F-11D3-BF4B-00C04F79EFBC}") = "06.PrintNumbers", "PrintNumbers\06.PrintNumbers.csproj", "{AD123E8A-3854-4837-A066-2E59BC36D620}"
EndProject
Project("{FAE04EC0-301F-11D3-BF4B-00C04F79EFBC}") = "07.PrintFirstAndLastName", "PrintFirstAndLastName\07.PrintFirstAndLastName.csproj", "{8A568F93-5095-4FC0-8009-CADAF37FFE4B}"
EndProject
Project("{FAE04EC0-301F-11D3-BF4B-00C04F79EFBC}") = "08.CalcSquareRoot", "CalcSquareRoot\08.CalcSquareRoot.csproj", "{1F3544DB-46C5-45C7-A4C4-0DD86C645921}"
EndProject
Project("{FAE04EC0-301F-11D3-BF4B-00C04F79EFBC}") = "09.PrintSequence", "PrintSequence\09.PrintSequence.csproj", "{A6C560E4-3B0E-41E8-AE78-DF8EA6702673}"
EndProject
Project("{FAE04EC0-301F-11D3-BF4B-00C04F79EFBC}") = "10.FormatCode", "FormatCode\10.FormatCode.csproj", "{0A0400F0-3078-4321-9EF8-B18597817AAE}"
EndProject
Global
	GlobalSection(SolutionConfigurationPlatforms) = preSolution
		Debug|Any CPU = Debug|Any CPU
		Release|Any CPU = Release|Any CPU
	EndGlobalSection
	GlobalSection(ProjectConfigurationPlatforms) = postSolution
		{8F8664E6-467F-4AB5-861A-64113CC1C5A2}.Debug|Any CPU.ActiveCfg = Debug|Any CPU
		{8F8664E6-467F-4AB5-861A-64113CC1C5A2}.Debug|Any CPU.Build.0 = Debug|Any CPU
		{8F8664E6-467F-4AB5-861A-64113CC1C5A2}.Release|Any CPU.ActiveCfg = Release|Any CPU
		{8F8664E6-467F-4AB5-861A-64113CC1C5A2}.Release|Any CPU.Build.0 = Release|Any CPU
		{5A95B0EE-5A08-4DFF-897D-BCB590638385}.Debug|Any CPU.ActiveCfg = Debug|Any CPU
		{5A95B0EE-5A08-4DFF-897D-BCB590638385}.Debug|Any CPU.Build.0 = Debug|Any CPU
		{5A95B0EE-5A08-4DFF-897D-BCB590638385}.Release|Any CPU.ActiveCfg = Release|Any CPU
		{5A95B0EE-5A08-4DFF-897D-BCB590638385}.Release|Any CPU.Build.0 = Release|Any CPU
		{87709755-164C-4108-B086-6A1B9E926002}.Debug|Any CPU.ActiveCfg = Debug|Any CPU
		{87709755-164C-4108-B086-6A1B9E926002}.Debug|Any CPU.Build.0 = Debug|Any CPU
		{87709755-164C-4108-B086-6A1B9E926002}.Release|Any CPU.ActiveCfg = Release|Any CPU
		{87709755-164C-4108-B086-6A1B9E926002}.Release|Any CPU.Build.0 = Release|Any CPU
		{C85A7A17-A8EB-48E7-AD2D-2D54B821C7DF}.Debug|Any CPU.ActiveCfg = Debug|Any CPU
		{C85A7A17-A8EB-48E7-AD2D-2D54B821C7DF}.Debug|Any CPU.Build.0 = Debug|Any CPU
		{C85A7A17-A8EB-48E7-AD2D-2D54B821C7DF}.Release|Any CPU.ActiveCfg = Release|Any CPU
		{C85A7A17-A8EB-48E7-AD2D-2D54B821C7DF}.Release|Any CPU.Build.0 = Release|Any CPU
		{3F009DBF-DD3C-4C7B-8045-7B6635B621A7}.Debug|Any CPU.ActiveCfg = Debug|Any CPU
		{3F009DBF-DD3C-4C7B-8045-7B6635B621A7}.Debug|Any CPU.Build.0 = Debug|Any CPU
		{3F009DBF-DD3C-4C7B-8045-7B6635B621A7}.Release|Any CPU.ActiveCfg = Release|Any CPU
		{3F009DBF-DD3C-4C7B-8045-7B6635B621A7}.Release|Any CPU.Build.0 = Release|Any CPU
		{AD123E8A-3854-4837-A066-2E59BC36D620}.Debug|Any CPU.ActiveCfg = Debug|Any CPU
		{AD123E8A-3854-4837-A066-2E59BC36D620}.Debug|Any CPU.Build.0 = Debug|Any CPU
		{AD123E8A-3854-4837-A066-2E59BC36D620}.Release|Any CPU.ActiveCfg = Release|Any CPU
		{AD123E8A-3854-4837-A066-2E59BC36D620}.Release|Any CPU.Build.0 = Release|Any CPU
		{8A568F93-5095-4FC0-8009-CADAF37FFE4B}.Debug|Any CPU.ActiveCfg = Debug|Any CPU
		{8A568F93-5095-4FC0-8009-CADAF37FFE4B}.Debug|Any CPU.Build.0 = Debug|Any CPU
		{8A568F93-5095-4FC0-8009-CADAF37FFE4B}.Release|Any CPU.ActiveCfg = Release|Any CPU
		{8A568F93-5095-4FC0-8009-CADAF37FFE4B}.Release|Any CPU.Build.0 = Release|Any CPU
		{1F3544DB-46C5-45C7-A4C4-0DD86C645921}.Debug|Any CPU.ActiveCfg = Debug|Any CPU
		{1F3544DB-46C5-45C7-A4C4-0DD86C645921}.Debug|Any CPU.Build.0 = Debug|Any CPU
		{1F3544DB-46C5-45C7-A4C4-0DD86C645921}.Release|Any CPU.ActiveCfg = Release|Any CPU
		{1F3544DB-46C5-45C7-A4C4-0DD86C645921}.Release|Any CPU.Build.0 = Release|Any CPU
		{A6C560E4-3B0E-41E8-AE78-DF8EA6702673}.Debug|Any CPU.ActiveCfg = Debug|Any CPU
		{A6C560E4-3B0E-41E8-AE78-DF8EA6702673}.Debug|Any CPU.Build.0 = Debug|Any CPU
		{A6C560E4-3B0E-41E8-AE78-DF8EA6702673}.Release|Any CPU.ActiveCfg = Release|Any CPU
		{A6C560E4-3B0E-41E8-AE78-DF8EA6702673}.Release|Any CPU.Build.0 = Release|Any CPU
		{0A0400F0-3078-4321-9EF8-B18597817AAE}.Debug|Any CPU.ActiveCfg = Debug|Any CPU
		{0A0400F0-3078-4321-9EF8-B18597817AAE}.Debug|Any CPU.Build.0 = Debug|Any CPU
		{0A0400F0-3078-4321-9EF8-B18597817AAE}.Release|Any CPU.ActiveCfg = Release|Any CPU
		{0A0400F0-3078-4321-9EF8-B18597817AAE}.Release|Any CPU.Build.0 = Release|Any CPU
	EndGlobalSection
	GlobalSection(SolutionProperties) = preSolution
		HideSolutionNode = FALSE
	EndGlobalSection
EndGlobal
